
Microsoft Visual Studio Solution File, Format Version 12.00
# Visual Studio Version 17
VisualStudioVersion = 17.4.33213.308
MinimumVisualStudioVersion = 10.0.40219.1
Project("{FAE04EC0-301F-11D3-BF4B-00C04F79EFBC}") = "QLKhachSan", "QLKhachSan\QLKhachSan.csproj", "{928B97C6-0C63-4A6D-90A2-612ED4C8BB71}"
EndProject
Global
	GlobalSection(SolutionConfigurationPlatforms) = preSolution
		Debug|Any CPU = Debug|Any CPU
		Release|Any CPU = Release|Any CPU
	EndGlobalSection
	GlobalSection(ProjectConfigurationPlatforms) = postSolution
		{928B97C6-0C63-4A6D-90A2-612ED4C8BB71}.Debug|Any CPU.ActiveCfg = Debug|Any CPU
		{928B97C6-0C63-4A6D-90A2-612ED4C8BB71}.Debug|Any CPU.Build.0 = Debug|Any CPU
		{928B97C6-0C63-4A6D-90A2-612ED4C8BB71}.Release|Any CPU.ActiveCfg = Release|Any CPU
		{928B97C6-0C63-4A6D-90A2-612ED4C8BB71}.Release|Any CPU.Build.0 = Release|Any CPU
	EndGlobalSection
	GlobalSection(SolutionProperties) = preSolution
		HideSolutionNode = FALSE
	EndGlobalSection
	GlobalSection(ExtensibilityGlobals) = postSolution
		SolutionGuid = {CDAB1B36-4648-4A40-98E2-0DDA8ABF89BF}
	EndGlobalSection
EndGlobal
